<?xml version="1.0" encoding="utf-8"?>
<Project ToolsVersion="4.0" xmlns="http://schemas.microsoft.com/developer/msbuild/2003">
  <ItemGroup>
    <Filter Include="Source Files">
      <UniqueIdentifier>{E9C7FDCE-D52A-8D73-7EB0-C5296AF258F6}</UniqueIdentifier>
    </Filter>
  </ItemGroup>
  <ItemGroup>
    <ClCompile Include="Main.c">
      <Filter>Source Files</Filter>
    </ClCompile>
    <ClCompile Include="Player.c">
      <Filter>Source Files</Filter>
    </ClCompile>
    <ClCompile Include="MapGenerator.c">
      <Filter>Source Files</Filter>
    </ClCompile>
    <ClCompile Include="TextureGenerator.c">
      <Filter>Source Files</Filter>
    </ClCompile>
    <ClCompile Include="Zombie.c">
      <Filter>Source Files</Filter>
    </ClCompile>
    <ClCompile Include="WeaponSystem.c">
      <Filter>Source Files</Filter>
    </ClCompile>
    <ClCompile Include="ParticleSystem.c">
      <Filter>Source Files</Filter>
    </ClCompile>
    <ClCompile Include="Collectable.c">
      <Filter>Source Files</Filter>
    </ClCompile>
    <ClCompile Include="MenuUI.c">
      <Filter>Source Files</Filter>
    </ClCompile>
  </ItemGroup>
  <ItemGroup>
    <ClInclude Include="GameHeader.h" />
  </ItemGroup>
</Project>